Microsoft Visual Studio Solution File, Format Version 12.00
# Visual Studio Version 17
VisualStudioVersion = 17.13.35919.96
MinimumVisualStudioVersion = 10.0.40219.1
Project("{FAE04EC0-301F-11D3-BF4B-00C04F79EFBC}") = "MVC", "src\MVC\MVC.csproj", "{03D4B881-4F6D-45E3-8936-39E696964198}"
EndProject
Project("{2150E333-8FDC-42A3-9474-1A3956D46DE8}") = "Solution Items", "Solution Items", "{8EC462FD-D22E-90A8-E5CE-7E832BA40C5D}"
EndProject
Project("{FAE04EC0-301F-11D3-BF4B-00C04F79EFBC}") = "WebApi", "src\WebApi\WebApi.csproj", "{1B0A04C3-E6BC-0FB7-7994-7C99BDAB1788}"
EndProject
Global
	GlobalSection(SolutionConfigurationPlatforms) = preSolution
		Debug|Any CPU = Debug|Any CPU
		Release|Any CPU = Release|Any CPU
	EndGlobalSection
	GlobalSection(ProjectConfigurationPlatforms) = postSolution
		{03D4B881-4F6D-45E3-8936-39E696964198}.Debug|Any CPU.ActiveCfg = Debug|Any CPU
		{03D4B881-4F6D-45E3-8936-39E696964198}.Debug|Any CPU.Build.0 = Debug|Any CPU
		{03D4B881-4F6D-45E3-8936-39E696964198}.Release|Any CPU.ActiveCfg = Release|Any CPU
		{03D4B881-4F6D-45E3-8936-39E696964198}.Release|Any CPU.Build.0 = Release|Any CPU
		{1B0A04C3-E6BC-0FB7-7994-7C99BDAB1788}.Debug|Any CPU.ActiveCfg = Debug|Any CPU
		{1B0A04C3-E6BC-0FB7-7994-7C99BDAB1788}.Debug|Any CPU.Build.0 = Debug|Any CPU
		{1B0A04C3-E6BC-0FB7-7994-7C99BDAB1788}.Release|Any CPU.ActiveCfg = Release|Any CPU
		{1B0A04C3-E6BC-0FB7-7994-7C99BDAB1788}.Release|Any CPU.Build.0 = Release|Any CPU
	EndGlobalSection
	GlobalSection(SolutionProperties) = preSolution
		HideSolutionNode = FALSE
	EndGlobalSection
	GlobalSection(ExtensibilityGlobals) = postSolution
		SolutionGuid = {0C142EFC-EC93-482F-BF2F-3C0FC9B11467}
	EndGlobalSection
EndGlobal
